
Microsoft Visual Studio Solution File, Format Version 12.00
# Visual Studio Version 16
VisualStudioVersion = 16.0.30709.132
MinimumVisualStudioVersion = 10.0.40219.1
Project("{9A19103F-16F7-4668-BE54-9A1E7A4F7556}") = "LibraryApplication", "LibraryApplication\LibraryApplication.csproj", "{C8A88C3B-5E0C-4D1A-8ABC-05DCE174CB06}"
EndProject
Project("{FAE04EC0-301F-11D3-BF4B-00C04F79EFBC}") = "Library.Service", "Library.Service\Library.Service.csproj", "{565D1792-C891-4E73-971E-BF8C5FEAF8EA}"
EndProject
Global
	GlobalSection(SolutionConfigurationPlatforms) = preSolution
		Debug|Any CPU = Debug|Any CPU
		Release|Any CPU = Release|Any CPU
	EndGlobalSection
	GlobalSection(ProjectConfigurationPlatforms) = postSolution
		{C8A88C3B-5E0C-4D1A-8ABC-05DCE174CB06}.Debug|Any CPU.ActiveCfg = Debug|Any CPU
		{C8A88C3B-5E0C-4D1A-8ABC-05DCE174CB06}.Debug|Any CPU.Build.0 = Debug|Any CPU
		{C8A88C3B-5E0C-4D1A-8ABC-05DCE174CB06}.Release|Any CPU.ActiveCfg = Release|Any CPU
		{C8A88C3B-5E0C-4D1A-8ABC-05DCE174CB06}.Release|Any CPU.Build.0 = Release|Any CPU
		{565D1792-C891-4E73-971E-BF8C5FEAF8EA}.Debug|Any CPU.ActiveCfg = Debug|Any CPU
		{565D1792-C891-4E73-971E-BF8C5FEAF8EA}.Debug|Any CPU.Build.0 = Debug|Any CPU
		{565D1792-C891-4E73-971E-BF8C5FEAF8EA}.Release|Any CPU.ActiveCfg = Release|Any CPU
		{565D1792-C891-4E73-971E-BF8C5FEAF8EA}.Release|Any CPU.Build.0 = Release|Any CPU
	EndGlobalSection
	GlobalSection(SolutionProperties) = preSolution
		HideSolutionNode = FALSE
	EndGlobalSection
	GlobalSection(ExtensibilityGlobals) = postSolution
		SolutionGuid = {D8E624C0-8741-47C6-8C2D-DF89913A155D}
	EndGlobalSection
EndGlobal
